
Microsoft Visual Studio Solution File, Format Version 12.00
# Visual Studio 2012
Project("{F2A71F9B-5D33-465A-A702-920D77279786}") = "IOTools", "IOTools\IOTools.fsproj", "{5AF6BBAB-6205-4C58-A7A7-C4F9A2BCC33C}"
EndProject
Project("{FAE04EC0-301F-11D3-BF4B-00C04F79EFBC}") = "IOToolsUI", "IOToolsUI\IOToolsUI.csproj", "{4CC7E671-C1AF-4ABD-94EA-55697BCF55A9}"
EndProject
Global
	GlobalSection(SolutionConfigurationPlatforms) = preSolution
		Debug|Any CPU = Debug|Any CPU
		Debug|Itanium = Debug|Itanium
		Debug|Mixed Platforms = Debug|Mixed Platforms
		Debug|x64 = Debug|x64
		Debug|x86 = Debug|x86
		Release|Any CPU = Release|Any CPU
		Release|Itanium = Release|Itanium
		Release|Mixed Platforms = Release|Mixed Platforms
		Release|x64 = Release|x64
		Release|x86 = Release|x86
	EndGlobalSection
	GlobalSection(ProjectConfigurationPlatforms) = postSolution
		{4CC7E671-C1AF-4ABD-94EA-55697BCF55A9}.Debug|Any CPU.ActiveCfg = Debug|Any CPU
		{4CC7E671-C1AF-4ABD-94EA-55697BCF55A9}.Debug|Any CPU.Build.0 = Debug|Any CPU
		{4CC7E671-C1AF-4ABD-94EA-55697BCF55A9}.Debug|Itanium.ActiveCfg = Debug|Any CPU
		{4CC7E671-C1AF-4ABD-94EA-55697BCF55A9}.Debug|Mixed Platforms.ActiveCfg = Debug|Any CPU
		{4CC7E671-C1AF-4ABD-94EA-55697BCF55A9}.Debug|Mixed Platforms.Build.0 = Debug|Any CPU
		{4CC7E671-C1AF-4ABD-94EA-55697BCF55A9}.Debug|x64.ActiveCfg = Debug|Any CPU
		{4CC7E671-C1AF-4ABD-94EA-55697BCF55A9}.Debug|x86.ActiveCfg = Debug|Any CPU
		{4CC7E671-C1AF-4ABD-94EA-55697BCF55A9}.Release|Any CPU.ActiveCfg = Release|Any CPU
		{4CC7E671-C1AF-4ABD-94EA-55697BCF55A9}.Release|Any CPU.Build.0 = Release|Any CPU
		{4CC7E671-C1AF-4ABD-94EA-55697BCF55A9}.Release|Itanium.ActiveCfg = Release|Any CPU
		{4CC7E671-C1AF-4ABD-94EA-55697BCF55A9}.Release|Mixed Platforms.ActiveCfg = Release|Any CPU
		{4CC7E671-C1AF-4ABD-94EA-55697BCF55A9}.Release|Mixed Platforms.Build.0 = Release|Any CPU
		{4CC7E671-C1AF-4ABD-94EA-55697BCF55A9}.Release|x64.ActiveCfg = Release|Any CPU
		{4CC7E671-C1AF-4ABD-94EA-55697BCF55A9}.Release|x86.ActiveCfg = Release|Any CPU
		{5AF6BBAB-6205-4C58-A7A7-C4F9A2BCC33C}.Debug|Any CPU.ActiveCfg = Debug|Any CPU
		{5AF6BBAB-6205-4C58-A7A7-C4F9A2BCC33C}.Debug|Any CPU.Build.0 = Debug|Any CPU
		{5AF6BBAB-6205-4C58-A7A7-C4F9A2BCC33C}.Debug|Itanium.ActiveCfg = Debug|Itanium
		{5AF6BBAB-6205-4C58-A7A7-C4F9A2BCC33C}.Debug|Itanium.Build.0 = Debug|Itanium
		{5AF6BBAB-6205-4C58-A7A7-C4F9A2BCC33C}.Debug|Mixed Platforms.ActiveCfg = Debug|x86
		{5AF6BBAB-6205-4C58-A7A7-C4F9A2BCC33C}.Debug|Mixed Platforms.Build.0 = Debug|x86
		{5AF6BBAB-6205-4C58-A7A7-C4F9A2BCC33C}.Debug|x64.ActiveCfg = Debug|x64
		{5AF6BBAB-6205-4C58-A7A7-C4F9A2BCC33C}.Debug|x64.Build.0 = Debug|x64
		{5AF6BBAB-6205-4C58-A7A7-C4F9A2BCC33C}.Debug|x86.ActiveCfg = Debug|x86
		{5AF6BBAB-6205-4C58-A7A7-C4F9A2BCC33C}.Debug|x86.Build.0 = Debug|x86
		{5AF6BBAB-6205-4C58-A7A7-C4F9A2BCC33C}.Release|Any CPU.ActiveCfg = Release|Any CPU
		{5AF6BBAB-6205-4C58-A7A7-C4F9A2BCC33C}.Release|Any CPU.Build.0 = Release|Any CPU
		{5AF6BBAB-6205-4C58-A7A7-C4F9A2BCC33C}.Release|Itanium.ActiveCfg = Release|Itanium
		{5AF6BBAB-6205-4C58-A7A7-C4F9A2BCC33C}.Release|Itanium.Build.0 = Release|Itanium
		{5AF6BBAB-6205-4C58-A7A7-C4F9A2BCC33C}.Release|Mixed Platforms.ActiveCfg = Release|x86
		{5AF6BBAB-6205-4C58-A7A7-C4F9A2BCC33C}.Release|Mixed Platforms.Build.0 = Release|x86
		{5AF6BBAB-6205-4C58-A7A7-C4F9A2BCC33C}.Release|x64.ActiveCfg = Release|x64
		{5AF6BBAB-6205-4C58-A7A7-C4F9A2BCC33C}.Release|x64.Build.0 = Release|x64
		{5AF6BBAB-6205-4C58-A7A7-C4F9A2BCC33C}.Release|x86.ActiveCfg = Release|x86
		{5AF6BBAB-6205-4C58-A7A7-C4F9A2BCC33C}.Release|x86.Build.0 = Release|x86
	EndGlobalSection
	GlobalSection(SolutionProperties) = preSolution
		HideSolutionNode = FALSE
	EndGlobalSection
EndGlobal
